
Microsoft Visual Studio Solution File, Format Version 12.00
# Visual Studio Version 16
VisualStudioVersion = 16.0.29905.134
MinimumVisualStudioVersion = 10.0.40219.1
Project("{FAE04EC0-301F-11D3-BF4B-00C04F79EFBC}") = "SeçãoOito", "SeçãoOito\SeçãoOito.csproj", "{7785D605-C72F-4EB5-B7B3-A1E5CE230223}"
EndProject
Global
	GlobalSection(SolutionConfigurationPlatforms) = preSolution
		Debug|Any CPU = Debug|Any CPU
		Release|Any CPU = Release|Any CPU
	EndGlobalSection
	GlobalSection(ProjectConfigurationPlatforms) = postSolution
		{7785D605-C72F-4EB5-B7B3-A1E5CE230223}.Debug|Any CPU.ActiveCfg = Debug|Any CPU
		{7785D605-C72F-4EB5-B7B3-A1E5CE230223}.Debug|Any CPU.Build.0 = Debug|Any CPU
		{7785D605-C72F-4EB5-B7B3-A1E5CE230223}.Release|Any CPU.ActiveCfg = Release|Any CPU
		{7785D605-C72F-4EB5-B7B3-A1E5CE230223}.Release|Any CPU.Build.0 = Release|Any CPU
	EndGlobalSection
	GlobalSection(SolutionProperties) = preSolution
		HideSolutionNode = FALSE
	EndGlobalSection
	GlobalSection(ExtensibilityGlobals) = postSolution
		SolutionGuid = {8E9A16B0-9CF8-496D-83BF-F96A47AED9F7}
	EndGlobalSection
EndGlobal
